
Microsoft Visual Studio Solution File, Format Version 12.00
# Visual Studio Version 17
VisualStudioVersion = 17.11.35312.102
MinimumVisualStudioVersion = 10.0.40219.1
Project("{9A19103F-16F7-4668-BE54-9A1E7A4F7556}") = "PersonUI", "BookStore\PersonUI.csproj", "{11A53F7A-FA04-44F6-A69E-55DE8AF62CCC}"
EndProject
Project("{9A19103F-16F7-4668-BE54-9A1E7A4F7556}") = "PersonTests", "BookStoreTests\PersonTests.csproj", "{FB82175C-488E-49B7-8DFB-67C71B41F2C6}"
EndProject
Project("{9A19103F-16F7-4668-BE54-9A1E7A4F7556}") = "Services", "Services\Services.csproj", "{37DDA5A1-E720-4AE6-BF91-E720351B781C}"
EndProject
Project("{9A19103F-16F7-4668-BE54-9A1E7A4F7556}") = "ServiceContracts", "ServiceContracts\ServiceContracts.csproj", "{AA708CD8-33A4-4C3A-82D2-F21B476DE817}"
EndProject
Project("{9A19103F-16F7-4668-BE54-9A1E7A4F7556}") = "RespositoryInterfaces", "RespositoryInterfaces\RespositoryInterfaces.csproj", "{F22FDCF5-7775-44F0-8D19-6F582A28DAB0}"
EndProject
Project("{9A19103F-16F7-4668-BE54-9A1E7A4F7556}") = "RepositoryImpl", "RepositoryImpl\RepositoryImpl.csproj", "{19C37936-DAAB-4A6D-9459-1407C9F11507}"
EndProject
Project("{9A19103F-16F7-4668-BE54-9A1E7A4F7556}") = "Entities", "Entities\Entities.csproj", "{F5388F93-49D5-4220-A2D9-BAAB872D0696}"
EndProject
Global
	GlobalSection(SolutionConfigurationPlatforms) = preSolution
		Debug|Any CPU = Debug|Any CPU
		Release|Any CPU = Release|Any CPU
	EndGlobalSection
	GlobalSection(ProjectConfigurationPlatforms) = postSolution
		{11A53F7A-FA04-44F6-A69E-55DE8AF62CCC}.Debug|Any CPU.ActiveCfg = Debug|Any CPU
		{11A53F7A-FA04-44F6-A69E-55DE8AF62CCC}.Debug|Any CPU.Build.0 = Debug|Any CPU
		{11A53F7A-FA04-44F6-A69E-55DE8AF62CCC}.Release|Any CPU.ActiveCfg = Release|Any CPU
		{11A53F7A-FA04-44F6-A69E-55DE8AF62CCC}.Release|Any CPU.Build.0 = Release|Any CPU
		{FB82175C-488E-49B7-8DFB-67C71B41F2C6}.Debug|Any CPU.ActiveCfg = Debug|Any CPU
		{FB82175C-488E-49B7-8DFB-67C71B41F2C6}.Debug|Any CPU.Build.0 = Debug|Any CPU
		{FB82175C-488E-49B7-8DFB-67C71B41F2C6}.Release|Any CPU.ActiveCfg = Release|Any CPU
		{FB82175C-488E-49B7-8DFB-67C71B41F2C6}.Release|Any CPU.Build.0 = Release|Any CPU
		{37DDA5A1-E720-4AE6-BF91-E720351B781C}.Debug|Any CPU.ActiveCfg = Debug|Any CPU
		{37DDA5A1-E720-4AE6-BF91-E720351B781C}.Debug|Any CPU.Build.0 = Debug|Any CPU
		{37DDA5A1-E720-4AE6-BF91-E720351B781C}.Release|Any CPU.ActiveCfg = Release|Any CPU
		{37DDA5A1-E720-4AE6-BF91-E720351B781C}.Release|Any CPU.Build.0 = Release|Any CPU
		{AA708CD8-33A4-4C3A-82D2-F21B476DE817}.Debug|Any CPU.ActiveCfg = Debug|Any CPU
		{AA708CD8-33A4-4C3A-82D2-F21B476DE817}.Debug|Any CPU.Build.0 = Debug|Any CPU
		{AA708CD8-33A4-4C3A-82D2-F21B476DE817}.Release|Any CPU.ActiveCfg = Release|Any CPU
		{AA708CD8-33A4-4C3A-82D2-F21B476DE817}.Release|Any CPU.Build.0 = Release|Any CPU
		{F22FDCF5-7775-44F0-8D19-6F582A28DAB0}.Debug|Any CPU.ActiveCfg = Debug|Any CPU
		{F22FDCF5-7775-44F0-8D19-6F582A28DAB0}.Debug|Any CPU.Build.0 = Debug|Any CPU
		{F22FDCF5-7775-44F0-8D19-6F582A28DAB0}.Release|Any CPU.ActiveCfg = Release|Any CPU
		{F22FDCF5-7775-44F0-8D19-6F582A28DAB0}.Release|Any CPU.Build.0 = Release|Any CPU
		{19C37936-DAAB-4A6D-9459-1407C9F11507}.Debug|Any CPU.ActiveCfg = Debug|Any CPU
		{19C37936-DAAB-4A6D-9459-1407C9F11507}.Debug|Any CPU.Build.0 = Debug|Any CPU
		{19C37936-DAAB-4A6D-9459-1407C9F11507}.Release|Any CPU.ActiveCfg = Release|Any CPU
		{19C37936-DAAB-4A6D-9459-1407C9F11507}.Release|Any CPU.Build.0 = Release|Any CPU
		{F5388F93-49D5-4220-A2D9-BAAB872D0696}.Debug|Any CPU.ActiveCfg = Debug|Any CPU
		{F5388F93-49D5-4220-A2D9-BAAB872D0696}.Debug|Any CPU.Build.0 = Debug|Any CPU
		{F5388F93-49D5-4220-A2D9-BAAB872D0696}.Release|Any CPU.ActiveCfg = Release|Any CPU
		{F5388F93-49D5-4220-A2D9-BAAB872D0696}.Release|Any CPU.Build.0 = Release|Any CPU
	EndGlobalSection
	GlobalSection(SolutionProperties) = preSolution
		HideSolutionNode = FALSE
	EndGlobalSection
	GlobalSection(ExtensibilityGlobals) = postSolution
		SolutionGuid = {D734DDF5-7C4F-490F-A293-4C2CFF84E9C1}
	EndGlobalSection
EndGlobal
